
Microsoft Visual Studio Solution File, Format Version 12.00
# Visual Studio 2013
VisualStudioVersion = 12.0.31101.0
MinimumVisualStudioVersion = 10.0.40219.1
Project("{FAE04EC0-301F-11D3-BF4B-00C04F79EFBC}") = "Games", "src\Games\Games.csproj", "{1E087313-2C9C-4238-88A3-A45E93AD033D}"
EndProject
Project("{FAE04EC0-301F-11D3-BF4B-00C04F79EFBC}") = "Games.ConsoleApp", "src\Games.ConsoleApp\Games.ConsoleApp.csproj", "{0E411BA7-19AC-4034-98BE-8861FA663988}"
EndProject
Project("{FAE04EC0-301F-11D3-BF4B-00C04F79EFBC}") = "Games.UnitTests", "tests\Games.UnitTests\Games.UnitTests.csproj", "{F0FCF4BF-5CD8-4547-8840-6869D467F37E}"
EndProject
Global
	GlobalSection(SolutionConfigurationPlatforms) = preSolution
		Debug|Any CPU = Debug|Any CPU
		Release|Any CPU = Release|Any CPU
	EndGlobalSection
	GlobalSection(ProjectConfigurationPlatforms) = postSolution
		{1E087313-2C9C-4238-88A3-A45E93AD033D}.Debug|Any CPU.ActiveCfg = Debug|Any CPU
		{1E087313-2C9C-4238-88A3-A45E93AD033D}.Debug|Any CPU.Build.0 = Debug|Any CPU
		{1E087313-2C9C-4238-88A3-A45E93AD033D}.Release|Any CPU.ActiveCfg = Release|Any CPU
		{1E087313-2C9C-4238-88A3-A45E93AD033D}.Release|Any CPU.Build.0 = Release|Any CPU
		{0E411BA7-19AC-4034-98BE-8861FA663988}.Debug|Any CPU.ActiveCfg = Debug|Any CPU
		{0E411BA7-19AC-4034-98BE-8861FA663988}.Debug|Any CPU.Build.0 = Debug|Any CPU
		{0E411BA7-19AC-4034-98BE-8861FA663988}.Release|Any CPU.ActiveCfg = Release|Any CPU
		{0E411BA7-19AC-4034-98BE-8861FA663988}.Release|Any CPU.Build.0 = Release|Any CPU
		{F0FCF4BF-5CD8-4547-8840-6869D467F37E}.Debug|Any CPU.ActiveCfg = Debug|Any CPU
		{F0FCF4BF-5CD8-4547-8840-6869D467F37E}.Debug|Any CPU.Build.0 = Debug|Any CPU
		{F0FCF4BF-5CD8-4547-8840-6869D467F37E}.Release|Any CPU.ActiveCfg = Release|Any CPU
		{F0FCF4BF-5CD8-4547-8840-6869D467F37E}.Release|Any CPU.Build.0 = Release|Any CPU
	EndGlobalSection
	GlobalSection(SolutionProperties) = preSolution
		HideSolutionNode = FALSE
	EndGlobalSection
EndGlobal
